
Microsoft Visual Studio Solution File, Format Version 12.00
# Visual Studio Version 16
VisualStudioVersion = 16.0.31624.102
MinimumVisualStudioVersion = 10.0.40219.1
Project("{2150E333-8FDC-42A3-9474-1A3956D46DE8}") = "Application", "Application", "{D500BD5E-9712-49FE-A2DC-6D0E64A0FDF3}"
EndProject
Project("{2150E333-8FDC-42A3-9474-1A3956D46DE8}") = "Domain", "Domain", "{DFBB1172-1232-4B16-8C8C-DCDCDC36AF88}"
EndProject
Project("{2150E333-8FDC-42A3-9474-1A3956D46DE8}") = "Infra.IoC", "Infra.IoC", "{98BB1D6C-4789-4AEE-9942-4E5446E07B3D}"
EndProject
Project("{2150E333-8FDC-42A3-9474-1A3956D46DE8}") = "Infra.Data", "Infra.Data", "{AEA7E7E1-6FDD-4BCA-B955-A98B14FCACEE}"
EndProject
Project("{2150E333-8FDC-42A3-9474-1A3956D46DE8}") = "Presentation", "Presentation", "{DB49C5C2-A9F9-4DEE-B298-A8AF72F0049A}"
EndProject
Project("{FAE04EC0-301F-11D3-BF4B-00C04F79EFBC}") = "CleanArch.Mvc", "CleanArch.Mvc\CleanArch.Mvc.csproj", "{EE6316A6-F0D3-4DE5-B1F7-83542252269F}"
EndProject
Project("{FAE04EC0-301F-11D3-BF4B-00C04F79EFBC}") = "CleanArch.Domain", "CleanArch.Domain\CleanArch.Domain.csproj", "{654C3A5F-E624-41D5-A73E-DCC71ECC4E4F}"
EndProject
Project("{FAE04EC0-301F-11D3-BF4B-00C04F79EFBC}") = "CleanArch.Infra.Data", "CleanArch.Infra.Data\CleanArch.Infra.Data.csproj", "{025FA0A3-B1B9-4CB6-9F17-31A6C781B923}"
EndProject
Global
	GlobalSection(SolutionConfigurationPlatforms) = preSolution
		Debug|Any CPU = Debug|Any CPU
		Release|Any CPU = Release|Any CPU
	EndGlobalSection
	GlobalSection(ProjectConfigurationPlatforms) = postSolution
		{EE6316A6-F0D3-4DE5-B1F7-83542252269F}.Debug|Any CPU.ActiveCfg = Debug|Any CPU
		{EE6316A6-F0D3-4DE5-B1F7-83542252269F}.Debug|Any CPU.Build.0 = Debug|Any CPU
		{EE6316A6-F0D3-4DE5-B1F7-83542252269F}.Release|Any CPU.ActiveCfg = Release|Any CPU
		{EE6316A6-F0D3-4DE5-B1F7-83542252269F}.Release|Any CPU.Build.0 = Release|Any CPU
		{654C3A5F-E624-41D5-A73E-DCC71ECC4E4F}.Debug|Any CPU.ActiveCfg = Debug|Any CPU
		{654C3A5F-E624-41D5-A73E-DCC71ECC4E4F}.Debug|Any CPU.Build.0 = Debug|Any CPU
		{654C3A5F-E624-41D5-A73E-DCC71ECC4E4F}.Release|Any CPU.ActiveCfg = Release|Any CPU
		{654C3A5F-E624-41D5-A73E-DCC71ECC4E4F}.Release|Any CPU.Build.0 = Release|Any CPU
		{025FA0A3-B1B9-4CB6-9F17-31A6C781B923}.Debug|Any CPU.ActiveCfg = Debug|Any CPU
		{025FA0A3-B1B9-4CB6-9F17-31A6C781B923}.Debug|Any CPU.Build.0 = Debug|Any CPU
		{025FA0A3-B1B9-4CB6-9F17-31A6C781B923}.Release|Any CPU.ActiveCfg = Release|Any CPU
		{025FA0A3-B1B9-4CB6-9F17-31A6C781B923}.Release|Any CPU.Build.0 = Release|Any CPU
	EndGlobalSection
	GlobalSection(SolutionProperties) = preSolution
		HideSolutionNode = FALSE
	EndGlobalSection
	GlobalSection(NestedProjects) = preSolution
		{EE6316A6-F0D3-4DE5-B1F7-83542252269F} = {DB49C5C2-A9F9-4DEE-B298-A8AF72F0049A}
		{654C3A5F-E624-41D5-A73E-DCC71ECC4E4F} = {DFBB1172-1232-4B16-8C8C-DCDCDC36AF88}
		{025FA0A3-B1B9-4CB6-9F17-31A6C781B923} = {AEA7E7E1-6FDD-4BCA-B955-A98B14FCACEE}
	EndGlobalSection
	GlobalSection(ExtensibilityGlobals) = postSolution
		SolutionGuid = {062DF0A3-E4DD-4297-86FA-19B4DE437548}
	EndGlobalSection
EndGlobal
